// !$*UTF8*$!
{
	archiveVersion = 1;
	classes = {
	};
	objectVersion = 52;
	objects = {

/* Begin PBXBuildFile section */
		AB769F3324FEC6890048F1D5 /* AppDelegate.swift in Sources */ = {isa = PBXBuildFile; fileRef = AB769F3224FEC6890048F1D5 /* AppDelegate.swift */; };
		AB769F3524FEC6890048F1D5 /* SceneDelegate.swift in Sources */ = {isa = PBXBuildFile; fileRef = AB769F3424FEC6890048F1D5 /* SceneDelegate.swift */; };
		AB769F3A24FEC6890048F1D5 /* Main.storyboard in Resources */ = {isa = PBXBuildFile; fileRef = AB769F3824FEC6890048F1D5 /* Main.storyboard */; };
		AB769F3C24FEC68D0048F1D5 /* Assets.xcassets in Resources */ = {isa = PBXBuildFile; fileRef = AB769F3B24FEC68D0048F1D5 /* Assets.xcassets */; };
		AB769F3F24FEC68D0048F1D5 /* LaunchScreen.storyboard in Resources */ = {isa = PBXBuildFile; fileRef = AB769F3D24FEC68D0048F1D5 /* LaunchScreen.storyboard */; };
		AB769F4724FF3A800048F1D5 /* LoginController.swift in Sources */ = {isa = PBXBuildFile; fileRef = AB769F4624FF3A800048F1D5 /* LoginController.swift */; };
		AB769F4924FF3A9C0048F1D5 /* RegisterController.swift in Sources */ = {isa = PBXBuildFile; fileRef = AB769F4824FF3A9C0048F1D5 /* RegisterController.swift */; };
		AB769F4B24FF3AB90048F1D5 /* MenuController.swift in Sources */ = {isa = PBXBuildFile; fileRef = AB769F4A24FF3AB90048F1D5 /* MenuController.swift */; };
		AB769F4D2501D9EE0048F1D5 /* CellController.swift in Sources */ = {isa = PBXBuildFile; fileRef = AB769F4C2501D9EE0048F1D5 /* CellController.swift */; };
		AB769F552501E4750048F1D5 /* mufin.png in Resources */ = {isa = PBXBuildFile; fileRef = AB769F542501E4750048F1D5 /* mufin.png */; };
		AB769F572501E48E0048F1D5 /* cafe.png in Resources */ = {isa = PBXBuildFile; fileRef = AB769F562501E48E0048F1D5 /* cafe.png */; };
		AB769F5B2501E5C20048F1D5 /* SubCell.swift in Sources */ = {isa = PBXBuildFile; fileRef = AB769F5A2501E5C20048F1D5 /* SubCell.swift */; };
		AB769F5D2501E5EE0048F1D5 /* SubcategoryController.swift in Sources */ = {isa = PBXBuildFile; fileRef = AB769F5C2501E5EE0048F1D5 /* SubcategoryController.swift */; };
		AB769F612501E6520048F1D5 /* CellFavorites.swift in Sources */ = {isa = PBXBuildFile; fileRef = AB769F602501E6520048F1D5 /* CellFavorites.swift */; };
		AB769F632501F2EB0048F1D5 /* User.swift in Sources */ = {isa = PBXBuildFile; fileRef = AB769F622501F2EA0048F1D5 /* User.swift */; };
		AB769F652501F33F0048F1D5 /* Product.swift in Sources */ = {isa = PBXBuildFile; fileRef = AB769F642501F33E0048F1D5 /* Product.swift */; };
		BBB270B227A45CAC006B3E01 /* RxSwift in Frameworks */ = {isa = PBXBuildFile; productRef = BBB270B127A45CAC006B3E01 /* RxSwift */; };
		BBCE096227A1CD6C0095F5AB /* TablaGDCController.swift in Sources */ = {isa = PBXBuildFile; fileRef = BBCE096127A1CD6C0095F5AB /* TablaGDCController.swift */; };
		BBCE096427A1D7270095F5AB /* Mobile.swift in Sources */ = {isa = PBXBuildFile; fileRef = BBCE096327A1D7270095F5AB /* Mobile.swift */; };
		BBDF566E279F14B300FFF289 /* Localizable.strings in Resources */ = {isa = PBXBuildFile; fileRef = BBDF5670279F14B300FFF289 /* Localizable.strings */; };
		BBDF567627A044D200FFF289 /* SecurityController.swift in Sources */ = {isa = PBXBuildFile; fileRef = BBDF567527A044D200FFF289 /* SecurityController.swift */; };
		BBDF567827A04B6E00FFF289 /* InfoController.swift in Sources */ = {isa = PBXBuildFile; fileRef = BBDF567727A04B6E00FFF289 /* InfoController.swift */; };
		BBDF567A27A04C1600FFF289 /* Fruits.plist in Resources */ = {isa = PBXBuildFile; fileRef = BBDF567927A04C1600FFF289 /* Fruits.plist */; };
		BBDF567C27A076B400FFF289 /* LoginAuthController.swift in Sources */ = {isa = PBXBuildFile; fileRef = BBDF567B27A076B400FFF289 /* LoginAuthController.swift */; };
		BBDF568327A081D400FFF289 /* Interface.storyboard in Resources */ = {isa = PBXBuildFile; fileRef = BBDF568127A081D400FFF289 /* Interface.storyboard */; };
		BBDF568527A081D700FFF289 /* Assets.xcassets in Resources */ = {isa = PBXBuildFile; fileRef = BBDF568427A081D700FFF289 /* Assets.xcassets */; };
		BBDF568B27A081D700FFF289 /* coffeAppWatch WatchKit Extension.appex in Embed App Extensions */ = {isa = PBXBuildFile; fileRef = BBDF568A27A081D700FFF289 /* coffeAppWatch WatchKit Extension.appex */; settings = {ATTRIBUTES = (RemoveHeadersOnCopy, ); }; };
		BBDF569027A081D700FFF289 /* InterfaceController.swift in Sources */ = {isa = PBXBuildFile; fileRef = BBDF568F27A081D700FFF289 /* InterfaceController.swift */; };
		BBDF569227A081D700FFF289 /* ExtensionDelegate.swift in Sources */ = {isa = PBXBuildFile; fileRef = BBDF569127A081D700FFF289 /* ExtensionDelegate.swift */; };
		BBDF569427A081D700FFF289 /* NotificationController.swift in Sources */ = {isa = PBXBuildFile; fileRef = BBDF569327A081D700FFF289 /* NotificationController.swift */; };
		BBDF569627A081D700FFF289 /* ComplicationController.swift in Sources */ = {isa = PBXBuildFile; fileRef = BBDF569527A081D700FFF289 /* ComplicationController.swift */; };
		BBDF569827A081D900FFF289 /* Assets.xcassets in Resources */ = {isa = PBXBuildFile; fileRef = BBDF569727A081D900FFF289 /* Assets.xcassets */; };
		BBDF569D27A081D900FFF289 /* coffeAppWatch.app in Embed Watch Content */ = {isa = PBXBuildFile; fileRef = BBDF567F27A081D400FFF289 /* coffeAppWatch.app */; settings = {ATTRIBUTES = (RemoveHeadersOnCopy, ); }; };
		BBDF56A727A08FE400FFF289 /* TableController.swift in Sources */ = {isa = PBXBuildFile; fileRef = BBDF56A627A08FE300FFF289 /* TableController.swift */; };
		BBDF56AA27A1927600FFF289 /* Alamofire in Frameworks */ = {isa = PBXBuildFile; productRef = BBDF56A927A1927600FFF289 /* Alamofire */; };
		BBDF56AD27A192C800FFF289 /* LBTATools in Frameworks */ = {isa = PBXBuildFile; productRef = BBDF56AC27A192C800FFF289 /* LBTATools */; };
		CD44797F2505DB4E008AE2C5 /* sandwich.png in Resources */ = {isa = PBXBuildFile; fileRef = CD44797E2505DB4E008AE2C5 /* sandwich.png */; };
		CD4479812505DBE9008AE2C5 /* mufin2.png in Resources */ = {isa = PBXBuildFile; fileRef = CD4479802505DBE9008AE2C5 /* mufin2.png */; };
		CD4479832505DBEE008AE2C5 /* cafe2.png in Resources */ = {isa = PBXBuildFile; fileRef = CD4479822505DBEE008AE2C5 /* cafe2.png */; };
/* End PBXBuildFile section */

/* Begin PBXContainerItemProxy section */
		BBDF568C27A081D700FFF289 /* PBXContainerItemProxy */ = {
			isa = PBXContainerItemProxy;
			containerPortal = AB769F2724FEC6890048F1D5 /* Project object */;
			proxyType = 1;
			remoteGlobalIDString = BBDF568927A081D700FFF289;
			remoteInfo = "coffeAppWatch WatchKit Extension";
		};
		BBDF569B27A081D900FFF289 /* PBXContainerItemProxy */ = {
			isa = PBXContainerItemProxy;
			containerPortal = AB769F2724FEC6890048F1D5 /* Project object */;
			proxyType = 1;
			remoteGlobalIDString = BBDF567E27A081D400FFF289;
			remoteInfo = coffeAppWatch;
		};
/* End PBXContainerItemProxy section */

/* Begin PBXCopyFilesBuildPhase section */
		BBDF56A127A081D900FFF289 /* Embed App Extensions */ = {
			isa = PBXCopyFilesBuildPhase;
			buildActionMask = 2147483647;
			dstPath = "";
			dstSubfolderSpec = 13;
			files = (
				BBDF568B27A081D700FFF289 /* coffeAppWatch WatchKit Extension.appex in Embed App Extensions */,
			);
			name = "Embed App Extensions";
			runOnlyForDeploymentPostprocessing = 0;
		};
		BBDF56A527A081D900FFF289 /* Embed Watch Content */ = {
			isa = PBXCopyFilesBuildPhase;
			buildActionMask = 2147483647;
			dstPath = "$(CONTENTS_FOLDER_PATH)/Watch";
			dstSubfolderSpec = 16;
			files = (
				BBDF569D27A081D900FFF289 /* coffeAppWatch.app in Embed Watch Content */,
			);
			name = "Embed Watch Content";
			runOnlyForDeploymentPostprocessing = 0;
		};
/* End PBXCopyFilesBuildPhase section */

/* Begin PBXFileReference section */
		AB769F2F24FEC6890048F1D5 /* coffeAppNetec.app */ = {isa = PBXFileReference; explicitFileType = wrapper.application; includeInIndex = 0; path = coffeAppNetec.app; sourceTree = BUILT_PRODUCTS_DIR; };
		AB769F3224FEC6890048F1D5 /* AppDelegate.swift */ = {isa = PBXFileReference; lastKnownFileType = sourcecode.swift; path = AppDelegate.swift; sourceTree = "<group>"; };
		AB769F3424FEC6890048F1D5 /* SceneDelegate.swift */ = {isa = PBXFileReference; lastKnownFileType = sourcecode.swift; path = SceneDelegate.swift; sourceTree = "<group>"; };
		AB769F3924FEC6890048F1D5 /* Base */ = {isa = PBXFileReference; lastKnownFileType = file.storyboard; name = Base; path = Base.lproj/Main.storyboard; sourceTree = "<group>"; };
		AB769F3B24FEC68D0048F1D5 /* Assets.xcassets */ = {isa = PBXFileReference; lastKnownFileType = folder.assetcatalog; path = Assets.xcassets; sourceTree = "<group>"; };
		AB769F3E24FEC68D0048F1D5 /* Base */ = {isa = PBXFileReference; lastKnownFileType = file.storyboard; name = Base; path = Base.lproj/LaunchScreen.storyboard; sourceTree = "<group>"; };
		AB769F4024FEC68D0048F1D5 /* Info.plist */ = {isa = PBXFileReference; lastKnownFileType = text.plist.xml; path = Info.plist; sourceTree = "<group>"; };
		AB769F4624FF3A800048F1D5 /* LoginController.swift */ = {isa = PBXFileReference; lastKnownFileType = sourcecode.swift; path = LoginController.swift; sourceTree = "<group>"; };
		AB769F4824FF3A9C0048F1D5 /* RegisterController.swift */ = {isa = PBXFileReference; lastKnownFileType = sourcecode.swift; path = RegisterController.swift; sourceTree = "<group>"; };
		AB769F4A24FF3AB90048F1D5 /* MenuController.swift */ = {isa = PBXFileReference; lastKnownFileType = sourcecode.swift; path = MenuController.swift; sourceTree = "<group>"; };
		AB769F4C2501D9EE0048F1D5 /* CellController.swift */ = {isa = PBXFileReference; lastKnownFileType = sourcecode.swift; path = CellController.swift; sourceTree = "<group>"; };
		AB769F542501E4750048F1D5 /* mufin.png */ = {isa = PBXFileReference; lastKnownFileType = image.png; path = mufin.png; sourceTree = "<group>"; };
		AB769F562501E48E0048F1D5 /* cafe.png */ = {isa = PBXFileReference; lastKnownFileType = image.png; path = cafe.png; sourceTree = "<group>"; };
		AB769F5A2501E5C20048F1D5 /* SubCell.swift */ = {isa = PBXFileReference; lastKnownFileType = sourcecode.swift; path = SubCell.swift; sourceTree = "<group>"; };
		AB769F5C2501E5EE0048F1D5 /* SubcategoryController.swift */ = {isa = PBXFileReference; lastKnownFileType = sourcecode.swift; path = SubcategoryController.swift; sourceTree = "<group>"; };
		AB769F602501E6520048F1D5 /* CellFavorites.swift */ = {isa = PBXFileReference; lastKnownFileType = sourcecode.swift; path = CellFavorites.swift; sourceTree = "<group>"; };
		AB769F622501F2EA0048F1D5 /* User.swift */ = {isa = PBXFileReference; lastKnownFileType = sourcecode.swift; path = User.swift; sourceTree = "<group>"; };
		AB769F642501F33E0048F1D5 /* Product.swift */ = {isa = PBXFileReference; lastKnownFileType = sourcecode.swift; path = Product.swift; sourceTree = "<group>"; };
		BBB270B327A48955006B3E01 /* Analisis de Memoria.md */ = {isa = PBXFileReference; lastKnownFileType = net.daringfireball.markdown; path = "Analisis de Memoria.md"; sourceTree = "<group>"; };
		BBCE096127A1CD6C0095F5AB /* TablaGDCController.swift */ = {isa = PBXFileReference; lastKnownFileType = sourcecode.swift; path = TablaGDCController.swift; sourceTree = "<group>"; };
		BBCE096327A1D7270095F5AB /* Mobile.swift */ = {isa = PBXFileReference; lastKnownFileType = sourcecode.swift; path = Mobile.swift; sourceTree = "<group>"; };
		BBDF5668279F0E0A00FFF289 /* es-419 */ = {isa = PBXFileReference; lastKnownFileType = text.plist.strings; name = "es-419"; path = "es-419.lproj/Main.strings"; sourceTree = "<group>"; };
		BBDF5669279F0E0A00FFF289 /* es-419 */ = {isa = PBXFileReference; lastKnownFileType = text.plist.strings; name = "es-419"; path = "es-419.lproj/LaunchScreen.strings"; sourceTree = "<group>"; };
		BBDF566A279F0E2800FFF289 /* fr */ = {isa = PBXFileReference; lastKnownFileType = text.plist.strings; name = fr; path = fr.lproj/Main.strings; sourceTree = "<group>"; };
		BBDF566B279F0E2800FFF289 /* fr */ = {isa = PBXFileReference; lastKnownFileType = text.plist.strings; name = fr; path = fr.lproj/LaunchScreen.strings; sourceTree = "<group>"; };
		BBDF566F279F14B300FFF289 /* en */ = {isa = PBXFileReference; lastKnownFileType = text.plist.strings; name = en; path = en.lproj/Localizable.strings; sourceTree = "<group>"; };
		BBDF5671279F14BA00FFF289 /* fr */ = {isa = PBXFileReference; lastKnownFileType = text.plist.strings; name = fr; path = fr.lproj/Localizable.strings; sourceTree = "<group>"; };
		BBDF5672279F14BB00FFF289 /* es-419 */ = {isa = PBXFileReference; lastKnownFileType = text.plist.strings; name = "es-419"; path = "es-419.lproj/Localizable.strings"; sourceTree = "<group>"; };
		BBDF567527A044D200FFF289 /* SecurityController.swift */ = {isa = PBXFileReference; lastKnownFileType = sourcecode.swift; path = SecurityController.swift; sourceTree = "<group>"; };
		BBDF567727A04B6E00FFF289 /* InfoController.swift */ = {isa = PBXFileReference; lastKnownFileType = sourcecode.swift; path = InfoController.swift; sourceTree = "<group>"; };
		BBDF567927A04C1600FFF289 /* Fruits.plist */ = {isa = PBXFileReference; lastKnownFileType = text.plist.xml; path = Fruits.plist; sourceTree = "<group>"; };
		BBDF567B27A076B400FFF289 /* LoginAuthController.swift */ = {isa = PBXFileReference; lastKnownFileType = sourcecode.swift; path = LoginAuthController.swift; sourceTree = "<group>"; };
		BBDF567F27A081D400FFF289 /* coffeAppWatch.app */ = {isa = PBXFileReference; explicitFileType = wrapper.application; includeInIndex = 0; path = coffeAppWatch.app; sourceTree = BUILT_PRODUCTS_DIR; };
		BBDF568227A081D400FFF289 /* Base */ = {isa = PBXFileReference; lastKnownFileType = file.storyboard; name = Base; path = Base.lproj/Interface.storyboard; sourceTree = "<group>"; };
		BBDF568427A081D700FFF289 /* Assets.xcassets */ = {isa = PBXFileReference; lastKnownFileType = folder.assetcatalog; path = Assets.xcassets; sourceTree = "<group>"; };
		BBDF568A27A081D700FFF289 /* coffeAppWatch WatchKit Extension.appex */ = {isa = PBXFileReference; explicitFileType = "wrapper.app-extension"; includeInIndex = 0; path = "coffeAppWatch WatchKit Extension.appex"; sourceTree = BUILT_PRODUCTS_DIR; };
		BBDF568F27A081D700FFF289 /* InterfaceController.swift */ = {isa = PBXFileReference; lastKnownFileType = sourcecode.swift; path = InterfaceController.swift; sourceTree = "<group>"; };
		BBDF569127A081D700FFF289 /* ExtensionDelegate.swift */ = {isa = PBXFileReference; lastKnownFileType = sourcecode.swift; path = ExtensionDelegate.swift; sourceTree = "<group>"; };
		BBDF569327A081D700FFF289 /* NotificationController.swift */ = {isa = PBXFileReference; lastKnownFileType = sourcecode.swift; path = NotificationController.swift; sourceTree = "<group>"; };
		BBDF569527A081D700FFF289 /* ComplicationController.swift */ = {isa = PBXFileReference; lastKnownFileType = sourcecode.swift; path = ComplicationController.swift; sourceTree = "<group>"; };
		BBDF569727A081D900FFF289 /* Assets.xcassets */ = {isa = PBXFileReference; lastKnownFileType = folder.assetcatalog; path = Assets.xcassets; sourceTree = "<group>"; };
		BBDF569927A081D900FFF289 /* Info.plist */ = {isa = PBXFileReference; lastKnownFileType = text.plist.xml; path = Info.plist; sourceTree = "<group>"; };
		BBDF569A27A081D900FFF289 /* PushNotificationPayload.apns */ = {isa = PBXFileReference; lastKnownFileType = text; path = PushNotificationPayload.apns; sourceTree = "<group>"; };
		BBDF56A627A08FE300FFF289 /* TableController.swift */ = {isa = PBXFileReference; lastKnownFileType = sourcecode.swift; path = TableController.swift; sourceTree = "<group>"; };
		CD44797E2505DB4E008AE2C5 /* sandwich.png */ = {isa = PBXFileReference; lastKnownFileType = image.png; path = sandwich.png; sourceTree = "<group>"; };
		CD4479802505DBE9008AE2C5 /* mufin2.png */ = {isa = PBXFileReference; lastKnownFileType = image.png; path = mufin2.png; sourceTree = "<group>"; };
		CD4479822505DBEE008AE2C5 /* cafe2.png */ = {isa = PBXFileReference; lastKnownFileType = image.png; path = cafe2.png; sourceTree = "<group>"; };
/* End PBXFileReference section */

/* Begin PBXFrameworksBuildPhase section */
		AB769F2C24FEC6890048F1D5 /* Frameworks */ = {
			isa = PBXFrameworksBuildPhase;
			buildActionMask = 2147483647;
			files = (
				BBB270B227A45CAC006B3E01 /* RxSwift in Frameworks */,
				BBDF56AA27A1927600FFF289 /* Alamofire in Frameworks */,
				BBDF56AD27A192C800FFF289 /* LBTATools in Frameworks */,
			);
			runOnlyForDeploymentPostprocessing = 0;
		};
		BBDF568727A081D700FFF289 /* Frameworks */ = {
			isa = PBXFrameworksBuildPhase;
			buildActionMask = 2147483647;
			files = (
			);
			runOnlyForDeploymentPostprocessing = 0;
		};
/* End PBXFrameworksBuildPhase section */

/* Begin PBXGroup section */
		AB769F2624FEC6890048F1D5 = {
			isa = PBXGroup;
			children = (
				BBB270B327A48955006B3E01 /* Analisis de Memoria.md */,
				BBDF567927A04C1600FFF289 /* Fruits.plist */,
				BBDF5670279F14B300FFF289 /* Localizable.strings */,
				AB769F3124FEC6890048F1D5 /* coffeAppNetec */,
				BBDF568027A081D400FFF289 /* coffeAppWatch */,
				BBDF568E27A081D700FFF289 /* coffeAppWatch WatchKit Extension */,
				AB769F3024FEC6890048F1D5 /* Products */,
			);
			sourceTree = "<group>";
		};
		AB769F3024FEC6890048F1D5 /* Products */ = {
			isa = PBXGroup;
			children = (
				AB769F2F24FEC6890048F1D5 /* coffeAppNetec.app */,
				BBDF567F27A081D400FFF289 /* coffeAppWatch.app */,
				BBDF568A27A081D700FFF289 /* coffeAppWatch WatchKit Extension.appex */,
			);
			name = Products;
			sourceTree = "<group>";
		};
		AB769F3124FEC6890048F1D5 /* coffeAppNetec */ = {
			isa = PBXGroup;
			children = (
				AB769F3224FEC6890048F1D5 /* AppDelegate.swift */,
				AB769F3424FEC6890048F1D5 /* SceneDelegate.swift */,
				CD44797B2505D968008AE2C5 /* Model */,
				CD44797A2505D8DE008AE2C5 /* Controllers */,
				CD44797D2505D9CF008AE2C5 /* View */,
				CD44797C2505D9B0008AE2C5 /* Resources */,
				AB769F3B24FEC68D0048F1D5 /* Assets.xcassets */,
				AB769F4024FEC68D0048F1D5 /* Info.plist */,
			);
			path = coffeAppNetec;
			sourceTree = "<group>";
		};
		BBDF568027A081D400FFF289 /* coffeAppWatch */ = {
			isa = PBXGroup;
			children = (
				BBDF568127A081D400FFF289 /* Interface.storyboard */,
				BBDF568427A081D700FFF289 /* Assets.xcassets */,
			);
			path = coffeAppWatch;
			sourceTree = "<group>";
		};
		BBDF568E27A081D700FFF289 /* coffeAppWatch WatchKit Extension */ = {
			isa = PBXGroup;
			children = (
				BBDF568F27A081D700FFF289 /* InterfaceController.swift */,
				BBDF569127A081D700FFF289 /* ExtensionDelegate.swift */,
				BBDF569327A081D700FFF289 /* NotificationController.swift */,
				BBDF569527A081D700FFF289 /* ComplicationController.swift */,
				BBDF569727A081D900FFF289 /* Assets.xcassets */,
				BBDF569927A081D900FFF289 /* Info.plist */,
				BBDF569A27A081D900FFF289 /* PushNotificationPayload.apns */,
				BBDF56A627A08FE300FFF289 /* TableController.swift */,
			);
			path = "coffeAppWatch WatchKit Extension";
			sourceTree = "<group>";
		};
		CD44797A2505D8DE008AE2C5 /* Controllers */ = {
			isa = PBXGroup;
			children = (
				AB769F4824FF3A9C0048F1D5 /* RegisterController.swift */,
				AB769F4624FF3A800048F1D5 /* LoginController.swift */,
				AB769F5C2501E5EE0048F1D5 /* SubcategoryController.swift */,
				AB769F4A24FF3AB90048F1D5 /* MenuController.swift */,
				BBDF567527A044D200FFF289 /* SecurityController.swift */,
				BBDF567727A04B6E00FFF289 /* InfoController.swift */,
				BBDF567B27A076B400FFF289 /* LoginAuthController.swift */,
				BBCE096127A1CD6C0095F5AB /* TablaGDCController.swift */,
			);
			path = Controllers;
			sourceTree = "<group>";
		};
		CD44797B2505D968008AE2C5 /* Model */ = {
			isa = PBXGroup;
			children = (
				AB769F622501F2EA0048F1D5 /* User.swift */,
				AB769F642501F33E0048F1D5 /* Product.swift */,
				BBCE096327A1D7270095F5AB /* Mobile.swift */,
			);
			path = Model;
			sourceTree = "<group>";
		};
		CD44797C2505D9B0008AE2C5 /* Resources */ = {
			isa = PBXGroup;
			children = (
				AB769F562501E48E0048F1D5 /* cafe.png */,
				CD44797E2505DB4E008AE2C5 /* sandwich.png */,
				CD4479822505DBEE008AE2C5 /* cafe2.png */,
				CD4479802505DBE9008AE2C5 /* mufin2.png */,
				AB769F542501E4750048F1D5 /* mufin.png */,
			);
			path = Resources;
			sourceTree = "<group>";
		};
		CD44797D2505D9CF008AE2C5 /* View */ = {
			isa = PBXGroup;
			children = (
				AB769F602501E6520048F1D5 /* CellFavorites.swift */,
				AB769F5A2501E5C20048F1D5 /* SubCell.swift */,
				AB769F4C2501D9EE0048F1D5 /* CellController.swift */,
				AB769F3824FEC6890048F1D5 /* Main.storyboard */,
				AB769F3D24FEC68D0048F1D5 /* LaunchScreen.storyboard */,
			);
			path = View;
			sourceTree = "<group>";
		};
/* End PBXGroup section */

/* Begin PBXNativeTarget section */
		AB769F2E24FEC6890048F1D5 /* coffeAppNetec */ = {
			isa = PBXNativeTarget;
			buildConfigurationList = AB769F4324FEC68D0048F1D5 /* Build configuration list for PBXNativeTarget "coffeAppNetec" */;
			buildPhases = (
				AB769F2B24FEC6890048F1D5 /* Sources */,
				AB769F2C24FEC6890048F1D5 /* Frameworks */,
				AB769F2D24FEC6890048F1D5 /* Resources */,
				BBDF56A527A081D900FFF289 /* Embed Watch Content */,
			);
			buildRules = (
			);
			dependencies = (
				BBDF569C27A081D900FFF289 /* PBXTargetDependency */,
			);
			name = coffeAppNetec;
			packageProductDependencies = (
				BBDF56A927A1927600FFF289 /* Alamofire */,
				BBDF56AC27A192C800FFF289 /* LBTATools */,
				BBB270B127A45CAC006B3E01 /* RxSwift */,
			);
			productName = coffeAppNetec;
			productReference = AB769F2F24FEC6890048F1D5 /* coffeAppNetec.app */;
			productType = "com.apple.product-type.application";
		};
		BBDF567E27A081D400FFF289 /* coffeAppWatch */ = {
			isa = PBXNativeTarget;
			buildConfigurationList = BBDF56A227A081D900FFF289 /* Build configuration list for PBXNativeTarget "coffeAppWatch" */;
			buildPhases = (
				BBDF567D27A081D400FFF289 /* Resources */,
				BBDF56A127A081D900FFF289 /* Embed App Extensions */,
			);
			buildRules = (
			);
			dependencies = (
				BBDF568D27A081D700FFF289 /* PBXTargetDependency */,
			);
			name = coffeAppWatch;
			productName = coffeAppWatch;
			productReference = BBDF567F27A081D400FFF289 /* coffeAppWatch.app */;
			productType = "com.apple.product-type.application.watchapp2";
		};
		BBDF568927A081D700FFF289 /* coffeAppWatch WatchKit Extension */ = {
			isa = PBXNativeTarget;
			buildConfigurationList = BBDF569E27A081D900FFF289 /* Build configuration list for PBXNativeTarget "coffeAppWatch WatchKit Extension" */;
			buildPhases = (
				BBDF568627A081D700FFF289 /* Sources */,
				BBDF568727A081D700FFF289 /* Frameworks */,
				BBDF568827A081D700FFF289 /* Resources */,
			);
			buildRules = (
			);
			dependencies = (
			);
			name = "coffeAppWatch WatchKit Extension";
			productName = "coffeAppWatch WatchKit Extension";
			productReference = BBDF568A27A081D700FFF289 /* coffeAppWatch WatchKit Extension.appex */;
			productType = "com.apple.product-type.watchkit2-extension";
		};
/* End PBXNativeTarget section */

/* Begin PBXProject section */
		AB769F2724FEC6890048F1D5 /* Project object */ = {
			isa = PBXProject;
			attributes = {
				LastSwiftUpdateCheck = 1320;
				LastUpgradeCheck = 1160;
				ORGANIZATIONNAME = "Arlen Peña";
				TargetAttributes = {
					AB769F2E24FEC6890048F1D5 = {
						CreatedOnToolsVersion = 11.6;
					};
					BBDF567E27A081D400FFF289 = {
						CreatedOnToolsVersion = 13.2.1;
					};
					BBDF568927A081D700FFF289 = {
						CreatedOnToolsVersion = 13.2.1;
					};
				};
			};
			buildConfigurationList = AB769F2A24FEC6890048F1D5 /* Build configuration list for PBXProject "coffeAppNetec" */;
			compatibilityVersion = "Xcode 9.3";
			developmentRegion = en;
			hasScannedForEncodings = 0;
			knownRegions = (
				en,
				Base,
				"es-419",
				fr,
			);
			mainGroup = AB769F2624FEC6890048F1D5;
			packageReferences = (
				BBDF56A827A1927600FFF289 /* XCRemoteSwiftPackageReference "Alamofire" */,
				BBDF56AB27A192C800FFF289 /* XCRemoteSwiftPackageReference "LBTATools" */,
				BBB270B027A45CAC006B3E01 /* XCRemoteSwiftPackageReference "RxSwift" */,
			);
			productRefGroup = AB769F3024FEC6890048F1D5 /* Products */;
			projectDirPath = "";
			projectRoot = "";
			targets = (
				AB769F2E24FEC6890048F1D5 /* coffeAppNetec */,
				BBDF567E27A081D400FFF289 /* coffeAppWatch */,
				BBDF568927A081D700FFF289 /* coffeAppWatch WatchKit Extension */,
			);
		};
/* End PBXProject section */

/* Begin PBXResourcesBuildPhase section */
		AB769F2D24FEC6890048F1D5 /* Resources */ = {
			isa = PBXResourcesBuildPhase;
			buildActionMask = 2147483647;
			files = (
				AB769F552501E4750048F1D5 /* mufin.png in Resources */,
				BBDF567A27A04C1600FFF289 /* Fruits.plist in Resources */,
				CD44797F2505DB4E008AE2C5 /* sandwich.png in Resources */,
				CD4479832505DBEE008AE2C5 /* cafe2.png in Resources */,
				AB769F572501E48E0048F1D5 /* cafe.png in Resources */,
				BBDF566E279F14B300FFF289 /* Localizable.strings in Resources */,
				CD4479812505DBE9008AE2C5 /* mufin2.png in Resources */,
				AB769F3F24FEC68D0048F1D5 /* LaunchScreen.storyboard in Resources */,
				AB769F3C24FEC68D0048F1D5 /* Assets.xcassets in Resources */,
				AB769F3A24FEC6890048F1D5 /* Main.storyboard in Resources */,
			);
			runOnlyForDeploymentPostprocessing = 0;
		};
		BBDF567D27A081D400FFF289 /* Resources */ = {
			isa = PBXResourcesBuildPhase;
			buildActionMask = 2147483647;
			files = (
				BBDF568527A081D700FFF289 /* Assets.xcassets in Resources */,
				BBDF568327A081D400FFF289 /* Interface.storyboard in Resources */,
			);
			runOnlyForDeploymentPostprocessing = 0;
		};
		BBDF568827A081D700FFF289 /* Resources */ = {
			isa = PBXResourcesBuildPhase;
			buildActionMask = 2147483647;
			files = (
				BBDF569827A081D900FFF289 /* Assets.xcassets in Resources */,
			);
			runOnlyForDeploymentPostprocessing = 0;
		};
/* End PBXResourcesBuildPhase section */

/* Begin PBXSourcesBuildPhase section */
		AB769F2B24FEC6890048F1D5 /* Sources */ = {
			isa = PBXSourcesBuildPhase;
			buildActionMask = 2147483647;
			files = (
				AB769F612501E6520048F1D5 /* CellFavorites.swift in Sources */,
				BBDF567827A04B6E00FFF289 /* InfoController.swift in Sources */,
				BBCE096227A1CD6C0095F5AB /* TablaGDCController.swift in Sources */,
				AB769F4D2501D9EE0048F1D5 /* CellController.swift in Sources */,
				BBDF567C27A076B400FFF289 /* LoginAuthController.swift in Sources */,
				AB769F5B2501E5C20048F1D5 /* SubCell.swift in Sources */,
				AB769F4724FF3A800048F1D5 /* LoginController.swift in Sources */,
				AB769F3324FEC6890048F1D5 /* AppDelegate.swift in Sources */,
				AB769F3524FEC6890048F1D5 /* SceneDelegate.swift in Sources */,
				AB769F5D2501E5EE0048F1D5 /* SubcategoryController.swift in Sources */,
				BBDF567627A044D200FFF289 /* SecurityController.swift in Sources */,
				AB769F632501F2EB0048F1D5 /* User.swift in Sources */,
				AB769F4B24FF3AB90048F1D5 /* MenuController.swift in Sources */,
				AB769F4924FF3A9C0048F1D5 /* RegisterController.swift in Sources */,
				AB769F652501F33F0048F1D5 /* Product.swift in Sources */,
				BBCE096427A1D7270095F5AB /* Mobile.swift in Sources */,
			);
			runOnlyForDeploymentPostprocessing = 0;
		};
		BBDF568627A081D700FFF289 /* Sources */ = {
			isa = PBXSourcesBuildPhase;
			buildActionMask = 2147483647;
			files = (
				BBDF569427A081D700FFF289 /* NotificationController.swift in Sources */,
				BBDF569627A081D700FFF289 /* ComplicationController.swift in Sources */,
				BBDF569227A081D700FFF289 /* ExtensionDelegate.swift in Sources */,
				BBDF56A727A08FE400FFF289 /* TableController.swift in Sources */,
				BBDF569027A081D700FFF289 /* InterfaceController.swift in Sources */,
			);
			runOnlyForDeploymentPostprocessing = 0;
		};
/* End PBXSourcesBuildPhase section */

/* Begin PBXTargetDependency section */
		BBDF568D27A081D700FFF289 /* PBXTargetDependency */ = {
			isa = PBXTargetDependency;
			target = BBDF568927A081D700FFF289 /* coffeAppWatch WatchKit Extension */;
			targetProxy = BBDF568C27A081D700FFF289 /* PBXContainerItemProxy */;
		};
		BBDF569C27A081D900FFF289 /* PBXTargetDependency */ = {
			isa = PBXTargetDependency;
			target = BBDF567E27A081D400FFF289 /* coffeAppWatch */;
			targetProxy = BBDF569B27A081D900FFF289 /* PBXContainerItemProxy */;
		};
/* End PBXTargetDependency section */

/* Begin PBXVariantGroup section */
		AB769F3824FEC6890048F1D5 /* Main.storyboard */ = {
			isa = PBXVariantGroup;
			children = (
				AB769F3924FEC6890048F1D5 /* Base */,
				BBDF5668279F0E0A00FFF289 /* es-419 */,
				BBDF566A279F0E2800FFF289 /* fr */,
			);
			name = Main.storyboard;
			sourceTree = "<group>";
		};
		AB769F3D24FEC68D0048F1D5 /* LaunchScreen.storyboard */ = {
			isa = PBXVariantGroup;
			children = (
				AB769F3E24FEC68D0048F1D5 /* Base */,
				BBDF5669279F0E0A00FFF289 /* es-419 */,
				BBDF566B279F0E2800FFF289 /* fr */,
			);
			name = LaunchScreen.storyboard;
			sourceTree = "<group>";
		};
		BBDF5670279F14B300FFF289 /* Localizable.strings */ = {
			isa = PBXVariantGroup;
			children = (
				BBDF566F279F14B300FFF289 /* en */,
				BBDF5671279F14BA00FFF289 /* fr */,
				BBDF5672279F14BB00FFF289 /* es-419 */,
			);
			name = Localizable.strings;
			sourceTree = "<group>";
		};
		BBDF568127A081D400FFF289 /* Interface.storyboard */ = {
			isa = PBXVariantGroup;
			children = (
				BBDF568227A081D400FFF289 /* Base */,
			);
			name = Interface.storyboard;
			sourceTree = "<group>";
		};
/* End PBXVariantGroup section */

/* Begin XCBuildConfiguration section */
		AB769F4124FEC68D0048F1D5 /* Debug */ = {
			isa = XCBuildConfiguration;
			buildSettings = {
				ALWAYS_SEARCH_USER_PATHS = NO;
				CLANG_ANALYZER_LOCALIZABILITY_NONLOCALIZED = YES;
				CLANG_ANALYZER_NONNULL = YES;
				CLANG_ANALYZER_NUMBER_OBJECT_CONVERSION = YES_AGGRESSIVE;
				CLANG_CXX_LANGUAGE_STANDARD = "gnu++14";
				CLANG_CXX_LIBRARY = "libc++";
				CLANG_ENABLE_MODULES = YES;
				CLANG_ENABLE_OBJC_ARC = YES;
				CLANG_ENABLE_OBJC_WEAK = YES;
				CLANG_WARN_BLOCK_CAPTURE_AUTORELEASING = YES;
				CLANG_WARN_BOOL_CONVERSION = YES;
				CLANG_WARN_COMMA = YES;
				CLANG_WARN_CONSTANT_CONVERSION = YES;
				CLANG_WARN_DEPRECATED_OBJC_IMPLEMENTATIONS = YES;
				CLANG_WARN_DIRECT_OBJC_ISA_USAGE = YES_ERROR;
				CLANG_WARN_DOCUMENTATION_COMMENTS = YES;
				CLANG_WARN_EMPTY_BODY = YES;
				CLANG_WARN_ENUM_CONVERSION = YES;
				CLANG_WARN_INFINITE_RECURSION = YES;
				CLANG_WARN_INT_CONVERSION = YES;
				CLANG_WARN_NON_LITERAL_NULL_CONVERSION = YES;
				CLANG_WARN_OBJC_IMPLICIT_RETAIN_SELF = YES;
				CLANG_WARN_OBJC_LITERAL_CONVERSION = YES;
				CLANG_WARN_OBJC_ROOT_CLASS = YES_ERROR;
				CLANG_WARN_RANGE_LOOP_ANALYSIS = YES;
				CLANG_WARN_STRICT_PROTOTYPES = YES;
				CLANG_WARN_SUSPICIOUS_MOVE = YES;
				CLANG_WARN_UNGUARDED_AVAILABILITY = YES_AGGRESSIVE;
				CLANG_WARN_UNREACHABLE_CODE = YES;
				CLANG_WARN__DUPLICATE_METHOD_MATCH = YES;
				COPY_PHASE_STRIP = NO;
				DEBUG_INFORMATION_FORMAT = dwarf;
				ENABLE_STRICT_OBJC_MSGSEND = YES;
				ENABLE_TESTABILITY = YES;
				GCC_C_LANGUAGE_STANDARD = gnu11;
				GCC_DYNAMIC_NO_PIC = NO;
				GCC_NO_COMMON_BLOCKS = YES;
				GCC_OPTIMIZATION_LEVEL = 0;
				GCC_PREPROCESSOR_DEFINITIONS = (
					"DEBUG=1",
					"$(inherited)",
				);
				GCC_WARN_64_TO_32_BIT_CONVERSION = YES;
				GCC_WARN_ABOUT_RETURN_TYPE = YES_ERROR;
				GCC_WARN_UNDECLARED_SELECTOR = YES;
				GCC_WARN_UNINITIALIZED_AUTOS = YES_AGGRESSIVE;
				GCC_WARN_UNUSED_FUNCTION = YES;
				GCC_WARN_UNUSED_VARIABLE = YES;
				IPHONEOS_DEPLOYMENT_TARGET = 13.6;
				MTL_ENABLE_DEBUG_INFO = INCLUDE_SOURCE;
				MTL_FAST_MATH = YES;
				ONLY_ACTIVE_ARCH = YES;
				SDKROOT = iphoneos;
				SWIFT_ACTIVE_COMPILATION_CONDITIONS = DEBUG;
				SWIFT_OPTIMIZATION_LEVEL = "-Onone";
			};
			name = Debug;
		};
		AB769F4224FEC68D0048F1D5 /* Release */ = {
			isa = XCBuildConfiguration;
			buildSettings = {
				ALWAYS_SEARCH_USER_PATHS = NO;
				CLANG_ANALYZER_LOCALIZABILITY_NONLOCALIZED = YES;
				CLANG_ANALYZER_NONNULL = YES;
				CLANG_ANALYZER_NUMBER_OBJECT_CONVERSION = YES_AGGRESSIVE;
				CLANG_CXX_LANGUAGE_STANDARD = "gnu++14";
				CLANG_CXX_LIBRARY = "libc++";
				CLANG_ENABLE_MODULES = YES;
				CLANG_ENABLE_OBJC_ARC = YES;
				CLANG_ENABLE_OBJC_WEAK = YES;
				CLANG_WARN_BLOCK_CAPTURE_AUTORELEASING = YES;
				CLANG_WARN_BOOL_CONVERSION = YES;
				CLANG_WARN_COMMA = YES;
				CLANG_WARN_CONSTANT_CONVERSION = YES;
				CLANG_WARN_DEPRECATED_OBJC_IMPLEMENTATIONS = YES;
				CLANG_WARN_DIRECT_OBJC_ISA_USAGE = YES_ERROR;
				CLANG_WARN_DOCUMENTATION_COMMENTS = YES;
				CLANG_WARN_EMPTY_BODY = YES;
				CLANG_WARN_ENUM_CONVERSION = YES;
				CLANG_WARN_INFINITE_RECURSION = YES;
				CLANG_WARN_INT_CONVERSION = YES;
				CLANG_WARN_NON_LITERAL_NULL_CONVERSION = YES;
				CLANG_WARN_OBJC_IMPLICIT_RETAIN_SELF = YES;
				CLANG_WARN_OBJC_LITERAL_CONVERSION = YES;
				CLANG_WARN_OBJC_ROOT_CLASS = YES_ERROR;
				CLANG_WARN_RANGE_LOOP_ANALYSIS = YES;
				CLANG_WARN_STRICT_PROTOTYPES = YES;
				CLANG_WARN_SUSPICIOUS_MOVE = YES;
				CLANG_WARN_UNGUARDED_AVAILABILITY = YES_AGGRESSIVE;
				CLANG_WARN_UNREACHABLE_CODE = YES;
				CLANG_WARN__DUPLICATE_METHOD_MATCH = YES;
				COPY_PHASE_STRIP = NO;
				DEBUG_INFORMATION_FORMAT = "dwarf-with-dsym";
				ENABLE_NS_ASSERTIONS = NO;
				ENABLE_STRICT_OBJC_MSGSEND = YES;
				GCC_C_LANGUAGE_STANDARD = gnu11;
				GCC_NO_COMMON_BLOCKS = YES;
				GCC_WARN_64_TO_32_BIT_CONVERSION = YES;
				GCC_WARN_ABOUT_RETURN_TYPE = YES_ERROR;
				GCC_WARN_UNDECLARED_SELECTOR = YES;
				GCC_WARN_UNINITIALIZED_AUTOS = YES_AGGRESSIVE;
				GCC_WARN_UNUSED_FUNCTION = YES;
				GCC_WARN_UNUSED_VARIABLE = YES;
				IPHONEOS_DEPLOYMENT_TARGET = 13.6;
				MTL_ENABLE_DEBUG_INFO = NO;
				MTL_FAST_MATH = YES;
				SDKROOT = iphoneos;
				SWIFT_COMPILATION_MODE = wholemodule;
				SWIFT_OPTIMIZATION_LEVEL = "-O";
				VALIDATE_PRODUCT = YES;
			};
			name = Release;
		};
		AB769F4424FEC68D0048F1D5 /* Debug */ = {
			isa = XCBuildConfiguration;
			buildSettings = {
				ASSETCATALOG_COMPILER_APPICON_NAME = AppIcon;
				CODE_SIGN_STYLE = Automatic;
				DEVELOPMENT_TEAM = D9BDJBEX84;
				INFOPLIST_FILE = coffeAppNetec/Info.plist;
				IPHONEOS_DEPLOYMENT_TARGET = 14.0;
				LD_RUNPATH_SEARCH_PATHS = (
					"$(inherited)",
					"@executable_path/Frameworks",
				);
				PRODUCT_BUNDLE_IDENTIFIER = com.develogeeks.coffeAppNetec;
				PRODUCT_NAME = "$(TARGET_NAME)";
				SERVER_URL = "https://10.91.30.112:8080/priuebitas";
				SWIFT_VERSION = 5.0;
				TARGETED_DEVICE_FAMILY = "1,2";
			};
			name = Debug;
		};
		AB769F4524FEC68D0048F1D5 /* Release */ = {
			isa = XCBuildConfiguration;
			buildSettings = {
				ASSETCATALOG_COMPILER_APPICON_NAME = AppIcon;
				CODE_SIGN_STYLE = Automatic;
				DEVELOPMENT_TEAM = D9BDJBEX84;
				INFOPLIST_FILE = coffeAppNetec/Info.plist;
				IPHONEOS_DEPLOYMENT_TARGET = 14.0;
				LD_RUNPATH_SEARCH_PATHS = (
					"$(inherited)",
					"@executable_path/Frameworks",
				);
				PRODUCT_BUNDLE_IDENTIFIER = com.develogeeks.coffeAppNetec;
				PRODUCT_NAME = "$(TARGET_NAME)";
				SERVER_URL = "https://10.91.30.112:8080/priuebitasproductivas";
				SWIFT_VERSION = 5.0;
				TARGETED_DEVICE_FAMILY = "1,2";
			};
			name = Release;
		};
		BBDF569F27A081D900FFF289 /* Debug */ = {
			isa = XCBuildConfiguration;
			buildSettings = {
				ASSETCATALOG_COMPILER_COMPLICATION_NAME = Complication;
				CLANG_CXX_LANGUAGE_STANDARD = "gnu++17";
				CLANG_WARN_QUOTED_INCLUDE_IN_FRAMEWORK_HEADER = YES;
				CODE_SIGN_STYLE = Automatic;
				CURRENT_PROJECT_VERSION = 1;
				DEVELOPMENT_TEAM = 97CA5TU2T7;
				GENERATE_INFOPLIST_FILE = YES;
				INFOPLIST_FILE = "coffeAppWatch WatchKit Extension/Info.plist";
				INFOPLIST_KEY_CFBundleDisplayName = "coffeAppWatch WatchKit Extension";
				INFOPLIST_KEY_CLKComplicationPrincipalClass = "$(PRODUCT_MODULE_NAME).ComplicationController";
				INFOPLIST_KEY_NSHumanReadableCopyright = "Copyright © 2022 Arlen Peña. All rights reserved.";
				INFOPLIST_KEY_WKExtensionDelegateClassName = "$(PRODUCT_MODULE_NAME).ExtensionDelegate";
				LD_RUNPATH_SEARCH_PATHS = (
					"$(inherited)",
					"@executable_path/Frameworks",
					"@executable_path/../../Frameworks",
				);
				MARKETING_VERSION = 1.0;
				PRODUCT_BUNDLE_IDENTIFIER = com.develogeeks.coffeAppNetec.watchkitapp.watchkitextension;
				PRODUCT_NAME = "${TARGET_NAME}";
				SDKROOT = watchos;
				SKIP_INSTALL = YES;
				SWIFT_EMIT_LOC_STRINGS = YES;
				SWIFT_VERSION = 5.0;
				TARGETED_DEVICE_FAMILY = 4;
				WATCHOS_DEPLOYMENT_TARGET = 8.3;
			};
			name = Debug;
		};
		BBDF56A027A081D900FFF289 /* Release */ = {
			isa = XCBuildConfiguration;
			buildSettings = {
				ASSETCATALOG_COMPILER_COMPLICATION_NAME = Complication;
				CLANG_CXX_LANGUAGE_STANDARD = "gnu++17";
				CLANG_WARN_QUOTED_INCLUDE_IN_FRAMEWORK_HEADER = YES;
				CODE_SIGN_STYLE = Automatic;
				CURRENT_PROJECT_VERSION = 1;
				DEVELOPMENT_TEAM = 97CA5TU2T7;
				GENERATE_INFOPLIST_FILE = YES;
				INFOPLIST_FILE = "coffeAppWatch WatchKit Extension/Info.plist";
				INFOPLIST_KEY_CFBundleDisplayName = "coffeAppWatch WatchKit Extension";
				INFOPLIST_KEY_CLKComplicationPrincipalClass = "$(PRODUCT_MODULE_NAME).ComplicationController";
				INFOPLIST_KEY_NSHumanReadableCopyright = "Copyright © 2022 Arlen Peña. All rights reserved.";
				INFOPLIST_KEY_WKExtensionDelegateClassName = "$(PRODUCT_MODULE_NAME).ExtensionDelegate";
				LD_RUNPATH_SEARCH_PATHS = (
					"$(inherited)",
					"@executable_path/Frameworks",
					"@executable_path/../../Frameworks",
				);
				MARKETING_VERSION = 1.0;
				PRODUCT_BUNDLE_IDENTIFIER = com.develogeeks.coffeAppNetec.watchkitapp.watchkitextension;
				PRODUCT_NAME = "${TARGET_NAME}";
				SDKROOT = watchos;
				SKIP_INSTALL = YES;
				SWIFT_EMIT_LOC_STRINGS = YES;
				SWIFT_VERSION = 5.0;
				TARGETED_DEVICE_FAMILY = 4;
				WATCHOS_DEPLOYMENT_TARGET = 8.3;
			};
			name = Release;
		};
		BBDF56A327A081D900FFF289 /* Debug */ = {
			isa = XCBuildConfiguration;
			buildSettings = {
				ALWAYS_EMBED_SWIFT_STANDARD_LIBRARIES = YES;
				ASSETCATALOG_COMPILER_APPICON_NAME = AppIcon;
				ASSETCATALOG_COMPILER_GLOBAL_ACCENT_COLOR_NAME = AccentColor;
				CLANG_CXX_LANGUAGE_STANDARD = "gnu++17";
				CLANG_WARN_QUOTED_INCLUDE_IN_FRAMEWORK_HEADER = YES;
				CODE_SIGN_STYLE = Automatic;
				CURRENT_PROJECT_VERSION = 1;
				DEVELOPMENT_TEAM = D9BDJBEX84;
				GENERATE_INFOPLIST_FILE = YES;
				IBSC_MODULE = coffeAppWatch_WatchKit_Extension;
				INFOPLIST_KEY_CFBundleDisplayName = coffeAppWatch;
				INFOPLIST_KEY_UISupportedInterfaceOrientations = "UIInterfaceOrientationPortrait UIInterfaceOrientationPortraitUpsideDown";
				INFOPLIST_KEY_WKCompanionAppBundleIdentifier = com.develogeeks.coffeAppNetec;
				MARKETING_VERSION = 1.0;
				PRODUCT_BUNDLE_IDENTIFIER = com.develogeeks.coffeAppNetec.watchkitapp;
				PRODUCT_NAME = "$(TARGET_NAME)";
				SDKROOT = watchos;
				SKIP_INSTALL = YES;
				SWIFT_EMIT_LOC_STRINGS = YES;
				SWIFT_VERSION = 5.0;
				TARGETED_DEVICE_FAMILY = 4;
				WATCHOS_DEPLOYMENT_TARGET = 8.3;
			};
			name = Debug;
		};
		BBDF56A427A081D900FFF289 /* Release */ = {
			isa = XCBuildConfiguration;
			buildSettings = {
				ALWAYS_EMBED_SWIFT_STANDARD_LIBRARIES = YES;
				ASSETCATALOG_COMPILER_APPICON_NAME = AppIcon;
				ASSETCATALOG_COMPILER_GLOBAL_ACCENT_COLOR_NAME = AccentColor;
				CLANG_CXX_LANGUAGE_STANDARD = "gnu++17";
				CLANG_WARN_QUOTED_INCLUDE_IN_FRAMEWORK_HEADER = YES;
				CODE_SIGN_STYLE = Automatic;
				CURRENT_PROJECT_VERSION = 1;
				DEVELOPMENT_TEAM = D9BDJBEX84;
				GENERATE_INFOPLIST_FILE = YES;
				IBSC_MODULE = coffeAppWatch_WatchKit_Extension;
				INFOPLIST_KEY_CFBundleDisplayName = coffeAppWatch;
				INFOPLIST_KEY_UISupportedInterfaceOrientations = "UIInterfaceOrientationPortrait UIInterfaceOrientationPortraitUpsideDown";
				INFOPLIST_KEY_WKCompanionAppBundleIdentifier = com.develogeeks.coffeAppNetec;
				MARKETING_VERSION = 1.0;
				PRODUCT_BUNDLE_IDENTIFIER = com.develogeeks.coffeAppNetec.watchkitapp;
				PRODUCT_NAME = "$(TARGET_NAME)";
				SDKROOT = watchos;
				SKIP_INSTALL = YES;
				SWIFT_EMIT_LOC_STRINGS = YES;
				SWIFT_VERSION = 5.0;
				TARGETED_DEVICE_FAMILY = 4;
				WATCHOS_DEPLOYMENT_TARGET = 8.3;
			};
			name = Release;
		};
/* End XCBuildConfiguration section */

/* Begin XCConfigurationList section */
		AB769F2A24FEC6890048F1D5 /* Build configuration list for PBXProject "coffeAppNetec" */ = {
			isa = XCConfigurationList;
			buildConfigurations = (
				AB769F4124FEC68D0048F1D5 /* Debug */,
				AB769F4224FEC68D0048F1D5 /* Release */,
			);
			defaultConfigurationIsVisible = 0;
			defaultConfigurationName = Release;
		};
		AB769F4324FEC68D0048F1D5 /* Build configuration list for PBXNativeTarget "coffeAppNetec" */ = {
			isa = XCConfigurationList;
			buildConfigurations = (
				AB769F4424FEC68D0048F1D5 /* Debug */,
				AB769F4524FEC68D0048F1D5 /* Release */,
			);
			defaultConfigurationIsVisible = 0;
			defaultConfigurationName = Release;
		};
		BBDF569E27A081D900FFF289 /* Build configuration list for PBXNativeTarget "coffeAppWatch WatchKit Extension" */ = {
			isa = XCConfigurationList;
			buildConfigurations = (
				BBDF569F27A081D900FFF289 /* Debug */,
				BBDF56A027A081D900FFF289 /* Release */,
			);
			defaultConfigurationIsVisible = 0;
			defaultConfigurationName = Release;
		};
		BBDF56A227A081D900FFF289 /* Build configuration list for PBXNativeTarget "coffeAppWatch" */ = {
			isa = XCConfigurationList;
			buildConfigurations = (
				BBDF56A327A081D900FFF289 /* Debug */,
				BBDF56A427A081D900FFF289 /* Release */,
			);
			defaultConfigurationIsVisible = 0;
			defaultConfigurationName = Release;
		};
/* End XCConfigurationList section */

/* Begin XCRemoteSwiftPackageReference section */
		BBB270B027A45CAC006B3E01 /* XCRemoteSwiftPackageReference "RxSwift" */ = {
			isa = XCRemoteSwiftPackageReference;
			repositoryURL = "https://github.com/ReactiveX/RxSwift";
			requirement = {
				kind = upToNextMajorVersion;
				minimumVersion = 6.0.0;
			};
		};
		BBDF56A827A1927600FFF289 /* XCRemoteSwiftPackageReference "Alamofire" */ = {
			isa = XCRemoteSwiftPackageReference;
			repositoryURL = "https://github.com/Alamofire/Alamofire";
			requirement = {
				kind = upToNextMajorVersion;
				minimumVersion = 5.0.0;
			};
		};
		BBDF56AB27A192C800FFF289 /* XCRemoteSwiftPackageReference "LBTATools" */ = {
			isa = XCRemoteSwiftPackageReference;
			repositoryURL = "https://github.com/bhlvoong/LBTATools";
			requirement = {
				kind = upToNextMajorVersion;
				minimumVersion = 1.0.0;
			};
		};
/* End XCRemoteSwiftPackageReference section */

/* Begin XCSwiftPackageProductDependency section */
		BBB270B127A45CAC006B3E01 /* RxSwift */ = {
			isa = XCSwiftPackageProductDependency;
			package = BBB270B027A45CAC006B3E01 /* XCRemoteSwiftPackageReference "RxSwift" */;
			productName = RxSwift;
		};
		BBDF56A927A1927600FFF289 /* Alamofire */ = {
			isa = XCSwiftPackageProductDependency;
			package = BBDF56A827A1927600FFF289 /* XCRemoteSwiftPackageReference "Alamofire" */;
			productName = Alamofire;
		};
		BBDF56AC27A192C800FFF289 /* LBTATools */ = {
			isa = XCSwiftPackageProductDependency;
			package = BBDF56AB27A192C800FFF289 /* XCRemoteSwiftPackageReference "LBTATools" */;
			productName = LBTATools;
		};
/* End XCSwiftPackageProductDependency section */
	};
	rootObject = AB769F2724FEC6890048F1D5 /* Project object */;
}
