// !$*UTF8*$!
{
	archiveVersion = 1;
	classes = {
	};
	objectVersion = 55;
	objects = {

/* Begin PBXBuildFile section */
		BBCE099427A2EBD30095F5AB /* AppDelegate.swift in Sources */ = {isa = PBXBuildFile; fileRef = BBCE099327A2EBD30095F5AB /* AppDelegate.swift */; };
		BBCE099627A2EBD30095F5AB /* SceneDelegate.swift in Sources */ = {isa = PBXBuildFile; fileRef = BBCE099527A2EBD30095F5AB /* SceneDelegate.swift */; };
		BBCE099827A2EBD30095F5AB /* ViewController.swift in Sources */ = {isa = PBXBuildFile; fileRef = BBCE099727A2EBD30095F5AB /* ViewController.swift */; };
		BBCE099B27A2EBD30095F5AB /* Main.storyboard in Resources */ = {isa = PBXBuildFile; fileRef = BBCE099927A2EBD30095F5AB /* Main.storyboard */; };
		BBCE099D27A2EBD50095F5AB /* Assets.xcassets in Resources */ = {isa = PBXBuildFile; fileRef = BBCE099C27A2EBD50095F5AB /* Assets.xcassets */; };
		BBCE09A027A2EBD50095F5AB /* LaunchScreen.storyboard in Resources */ = {isa = PBXBuildFile; fileRef = BBCE099E27A2EBD50095F5AB /* LaunchScreen.storyboard */; };
		BBCE09AD27A2EE850095F5AB /* Articulo.swift in Sources */ = {isa = PBXBuildFile; fileRef = BBCE09AC27A2EE850095F5AB /* Articulo.swift */; };
		BBCE09AF27A2EE970095F5AB /* WebService.swift in Sources */ = {isa = PBXBuildFile; fileRef = BBCE09AE27A2EE970095F5AB /* WebService.swift */; };
		BBCE09B127A2F2210095F5AB /* TableViewCell.swift in Sources */ = {isa = PBXBuildFile; fileRef = BBCE09B027A2F2210095F5AB /* TableViewCell.swift */; };
		BBCE09B327A2F25B0095F5AB /* ArticleListViewModel.swift in Sources */ = {isa = PBXBuildFile; fileRef = BBCE09B227A2F25B0095F5AB /* ArticleListViewModel.swift */; };
/* End PBXBuildFile section */

/* Begin PBXFileReference section */
		BBCE099027A2EBD30095F5AB /* MVVMExample.app */ = {isa = PBXFileReference; explicitFileType = wrapper.application; includeInIndex = 0; path = MVVMExample.app; sourceTree = BUILT_PRODUCTS_DIR; };
		BBCE099327A2EBD30095F5AB /* AppDelegate.swift */ = {isa = PBXFileReference; lastKnownFileType = sourcecode.swift; path = AppDelegate.swift; sourceTree = "<group>"; };
		BBCE099527A2EBD30095F5AB /* SceneDelegate.swift */ = {isa = PBXFileReference; lastKnownFileType = sourcecode.swift; path = SceneDelegate.swift; sourceTree = "<group>"; };
		BBCE099727A2EBD30095F5AB /* ViewController.swift */ = {isa = PBXFileReference; lastKnownFileType = sourcecode.swift; path = ViewController.swift; sourceTree = "<group>"; };
		BBCE099A27A2EBD30095F5AB /* Base */ = {isa = PBXFileReference; lastKnownFileType = file.storyboard; name = Base; path = Base.lproj/Main.storyboard; sourceTree = "<group>"; };
		BBCE099C27A2EBD50095F5AB /* Assets.xcassets */ = {isa = PBXFileReference; lastKnownFileType = folder.assetcatalog; path = Assets.xcassets; sourceTree = "<group>"; };
		BBCE099F27A2EBD50095F5AB /* Base */ = {isa = PBXFileReference; lastKnownFileType = file.storyboard; name = Base; path = Base.lproj/LaunchScreen.storyboard; sourceTree = "<group>"; };
		BBCE09A127A2EBD50095F5AB /* Info.plist */ = {isa = PBXFileReference; lastKnownFileType = text.plist.xml; path = Info.plist; sourceTree = "<group>"; };
		BBCE09AC27A2EE850095F5AB /* Articulo.swift */ = {isa = PBXFileReference; lastKnownFileType = sourcecode.swift; path = Articulo.swift; sourceTree = "<group>"; };
		BBCE09AE27A2EE970095F5AB /* WebService.swift */ = {isa = PBXFileReference; lastKnownFileType = sourcecode.swift; path = WebService.swift; sourceTree = "<group>"; };
		BBCE09B027A2F2210095F5AB /* TableViewCell.swift */ = {isa = PBXFileReference; lastKnownFileType = sourcecode.swift; path = TableViewCell.swift; sourceTree = "<group>"; };
		BBCE09B227A2F25B0095F5AB /* ArticleListViewModel.swift */ = {isa = PBXFileReference; lastKnownFileType = sourcecode.swift; path = ArticleListViewModel.swift; sourceTree = "<group>"; };
/* End PBXFileReference section */

/* Begin PBXFrameworksBuildPhase section */
		BBCE098D27A2EBD30095F5AB /* Frameworks */ = {
			isa = PBXFrameworksBuildPhase;
			buildActionMask = 2147483647;
			files = (
			);
			runOnlyForDeploymentPostprocessing = 0;
		};
/* End PBXFrameworksBuildPhase section */

/* Begin PBXGroup section */
		BBCE098727A2EBD30095F5AB = {
			isa = PBXGroup;
			children = (
				BBCE099227A2EBD30095F5AB /* MVVMExample */,
				BBCE099127A2EBD30095F5AB /* Products */,
			);
			sourceTree = "<group>";
		};
		BBCE099127A2EBD30095F5AB /* Products */ = {
			isa = PBXGroup;
			children = (
				BBCE099027A2EBD30095F5AB /* MVVMExample.app */,
			);
			name = Products;
			sourceTree = "<group>";
		};
		BBCE099227A2EBD30095F5AB /* MVVMExample */ = {
			isa = PBXGroup;
			children = (
				BBCE09AA27A2EE4E0095F5AB /* ViewModel */,
				BBCE09AB27A2EE580095F5AB /* Model */,
				BBCE09A927A2EE410095F5AB /* View */,
				BBCE099327A2EBD30095F5AB /* AppDelegate.swift */,
				BBCE099527A2EBD30095F5AB /* SceneDelegate.swift */,
				BBCE099C27A2EBD50095F5AB /* Assets.xcassets */,
				BBCE099E27A2EBD50095F5AB /* LaunchScreen.storyboard */,
				BBCE09A127A2EBD50095F5AB /* Info.plist */,
			);
			path = MVVMExample;
			sourceTree = "<group>";
		};
		BBCE09A927A2EE410095F5AB /* View */ = {
			isa = PBXGroup;
			children = (
				BBCE099927A2EBD30095F5AB /* Main.storyboard */,
				BBCE09B027A2F2210095F5AB /* TableViewCell.swift */,
			);
			name = View;
			sourceTree = "<group>";
		};
		BBCE09AA27A2EE4E0095F5AB /* ViewModel */ = {
			isa = PBXGroup;
			children = (
				BBCE099727A2EBD30095F5AB /* ViewController.swift */,
				BBCE09B227A2F25B0095F5AB /* ArticleListViewModel.swift */,
			);
			name = ViewModel;
			sourceTree = "<group>";
		};
		BBCE09AB27A2EE580095F5AB /* Model */ = {
			isa = PBXGroup;
			children = (
				BBCE09AC27A2EE850095F5AB /* Articulo.swift */,
				BBCE09AE27A2EE970095F5AB /* WebService.swift */,
			);
			name = Model;
			sourceTree = "<group>";
		};
/* End PBXGroup section */

/* Begin PBXNativeTarget section */
		BBCE098F27A2EBD30095F5AB /* MVVMExample */ = {
			isa = PBXNativeTarget;
			buildConfigurationList = BBCE09A427A2EBD50095F5AB /* Build configuration list for PBXNativeTarget "MVVMExample" */;
			buildPhases = (
				BBCE098C27A2EBD30095F5AB /* Sources */,
				BBCE098D27A2EBD30095F5AB /* Frameworks */,
				BBCE098E27A2EBD30095F5AB /* Resources */,
			);
			buildRules = (
			);
			dependencies = (
			);
			name = MVVMExample;
			productName = MVVMExample;
			productReference = BBCE099027A2EBD30095F5AB /* MVVMExample.app */;
			productType = "com.apple.product-type.application";
		};
/* End PBXNativeTarget section */

/* Begin PBXProject section */
		BBCE098827A2EBD30095F5AB /* Project object */ = {
			isa = PBXProject;
			attributes = {
				BuildIndependentTargetsInParallel = 1;
				LastSwiftUpdateCheck = 1320;
				LastUpgradeCheck = 1320;
				TargetAttributes = {
					BBCE098F27A2EBD30095F5AB = {
						CreatedOnToolsVersion = 13.2.1;
					};
				};
			};
			buildConfigurationList = BBCE098B27A2EBD30095F5AB /* Build configuration list for PBXProject "MVVMExample" */;
			compatibilityVersion = "Xcode 13.0";
			developmentRegion = en;
			hasScannedForEncodings = 0;
			knownRegions = (
				en,
				Base,
			);
			mainGroup = BBCE098727A2EBD30095F5AB;
			productRefGroup = BBCE099127A2EBD30095F5AB /* Products */;
			projectDirPath = "";
			projectRoot = "";
			targets = (
				BBCE098F27A2EBD30095F5AB /* MVVMExample */,
			);
		};
/* End PBXProject section */

/* Begin PBXResourcesBuildPhase section */
		BBCE098E27A2EBD30095F5AB /* Resources */ = {
			isa = PBXResourcesBuildPhase;
			buildActionMask = 2147483647;
			files = (
				BBCE09A027A2EBD50095F5AB /* LaunchScreen.storyboard in Resources */,
				BBCE099D27A2EBD50095F5AB /* Assets.xcassets in Resources */,
				BBCE099B27A2EBD30095F5AB /* Main.storyboard in Resources */,
			);
			runOnlyForDeploymentPostprocessing = 0;
		};
/* End PBXResourcesBuildPhase section */

/* Begin PBXSourcesBuildPhase section */
		BBCE098C27A2EBD30095F5AB /* Sources */ = {
			isa = PBXSourcesBuildPhase;
			buildActionMask = 2147483647;
			files = (
				BBCE09AD27A2EE850095F5AB /* Articulo.swift in Sources */,
				BBCE099827A2EBD30095F5AB /* ViewController.swift in Sources */,
				BBCE099427A2EBD30095F5AB /* AppDelegate.swift in Sources */,
				BBCE09B127A2F2210095F5AB /* TableViewCell.swift in Sources */,
				BBCE09AF27A2EE970095F5AB /* WebService.swift in Sources */,
				BBCE099627A2EBD30095F5AB /* SceneDelegate.swift in Sources */,
				BBCE09B327A2F25B0095F5AB /* ArticleListViewModel.swift in Sources */,
			);
			runOnlyForDeploymentPostprocessing = 0;
		};
/* End PBXSourcesBuildPhase section */

/* Begin PBXVariantGroup section */
		BBCE099927A2EBD30095F5AB /* Main.storyboard */ = {
			isa = PBXVariantGroup;
			children = (
				BBCE099A27A2EBD30095F5AB /* Base */,
			);
			name = Main.storyboard;
			sourceTree = "<group>";
		};
		BBCE099E27A2EBD50095F5AB /* LaunchScreen.storyboard */ = {
			isa = PBXVariantGroup;
			children = (
				BBCE099F27A2EBD50095F5AB /* Base */,
			);
			name = LaunchScreen.storyboard;
			sourceTree = "<group>";
		};
/* End PBXVariantGroup section */

/* Begin XCBuildConfiguration section */
		BBCE09A227A2EBD50095F5AB /* Debug */ = {
			isa = XCBuildConfiguration;
			buildSettings = {
				ALWAYS_SEARCH_USER_PATHS = NO;
				CLANG_ANALYZER_NONNULL = YES;
				CLANG_ANALYZER_NUMBER_OBJECT_CONVERSION = YES_AGGRESSIVE;
				CLANG_CXX_LANGUAGE_STANDARD = "gnu++17";
				CLANG_CXX_LIBRARY = "libc++";
				CLANG_ENABLE_MODULES = YES;
				CLANG_ENABLE_OBJC_ARC = YES;
				CLANG_ENABLE_OBJC_WEAK = YES;
				CLANG_WARN_BLOCK_CAPTURE_AUTORELEASING = YES;
				CLANG_WARN_BOOL_CONVERSION = YES;
				CLANG_WARN_COMMA = YES;
				CLANG_WARN_CONSTANT_CONVERSION = YES;
				CLANG_WARN_DEPRECATED_OBJC_IMPLEMENTATIONS = YES;
				CLANG_WARN_DIRECT_OBJC_ISA_USAGE = YES_ERROR;
				CLANG_WARN_DOCUMENTATION_COMMENTS = YES;
				CLANG_WARN_EMPTY_BODY = YES;
				CLANG_WARN_ENUM_CONVERSION = YES;
				CLANG_WARN_INFINITE_RECURSION = YES;
				CLANG_WARN_INT_CONVERSION = YES;
				CLANG_WARN_NON_LITERAL_NULL_CONVERSION = YES;
				CLANG_WARN_OBJC_IMPLICIT_RETAIN_SELF = YES;
				CLANG_WARN_OBJC_LITERAL_CONVERSION = YES;
				CLANG_WARN_OBJC_ROOT_CLASS = YES_ERROR;
				CLANG_WARN_QUOTED_INCLUDE_IN_FRAMEWORK_HEADER = YES;
				CLANG_WARN_RANGE_LOOP_ANALYSIS = YES;
				CLANG_WARN_STRICT_PROTOTYPES = YES;
				CLANG_WARN_SUSPICIOUS_MOVE = YES;
				CLANG_WARN_UNGUARDED_AVAILABILITY = YES_AGGRESSIVE;
				CLANG_WARN_UNREACHABLE_CODE = YES;
				CLANG_WARN__DUPLICATE_METHOD_MATCH = YES;
				COPY_PHASE_STRIP = NO;
				DEBUG_INFORMATION_FORMAT = dwarf;
				ENABLE_STRICT_OBJC_MSGSEND = YES;
				ENABLE_TESTABILITY = YES;
				GCC_C_LANGUAGE_STANDARD = gnu11;
				GCC_DYNAMIC_NO_PIC = NO;
				GCC_NO_COMMON_BLOCKS = YES;
				GCC_OPTIMIZATION_LEVEL = 0;
				GCC_PREPROCESSOR_DEFINITIONS = (
					"DEBUG=1",
					"$(inherited)",
				);
				GCC_WARN_64_TO_32_BIT_CONVERSION = YES;
				GCC_WARN_ABOUT_RETURN_TYPE = YES_ERROR;
				GCC_WARN_UNDECLARED_SELECTOR = YES;
				GCC_WARN_UNINITIALIZED_AUTOS = YES_AGGRESSIVE;
				GCC_WARN_UNUSED_FUNCTION = YES;
				GCC_WARN_UNUSED_VARIABLE = YES;
				IPHONEOS_DEPLOYMENT_TARGET = 15.2;
				MTL_ENABLE_DEBUG_INFO = INCLUDE_SOURCE;
				MTL_FAST_MATH = YES;
				ONLY_ACTIVE_ARCH = YES;
				SDKROOT = iphoneos;
				SWIFT_ACTIVE_COMPILATION_CONDITIONS = DEBUG;
				SWIFT_OPTIMIZATION_LEVEL = "-Onone";
			};
			name = Debug;
		};
		BBCE09A327A2EBD50095F5AB /* Release */ = {
			isa = XCBuildConfiguration;
			buildSettings = {
				ALWAYS_SEARCH_USER_PATHS = NO;
				CLANG_ANALYZER_NONNULL = YES;
				CLANG_ANALYZER_NUMBER_OBJECT_CONVERSION = YES_AGGRESSIVE;
				CLANG_CXX_LANGUAGE_STANDARD = "gnu++17";
				CLANG_CXX_LIBRARY = "libc++";
				CLANG_ENABLE_MODULES = YES;
				CLANG_ENABLE_OBJC_ARC = YES;
				CLANG_ENABLE_OBJC_WEAK = YES;
				CLANG_WARN_BLOCK_CAPTURE_AUTORELEASING = YES;
				CLANG_WARN_BOOL_CONVERSION = YES;
				CLANG_WARN_COMMA = YES;
				CLANG_WARN_CONSTANT_CONVERSION = YES;
				CLANG_WARN_DEPRECATED_OBJC_IMPLEMENTATIONS = YES;
				CLANG_WARN_DIRECT_OBJC_ISA_USAGE = YES_ERROR;
				CLANG_WARN_DOCUMENTATION_COMMENTS = YES;
				CLANG_WARN_EMPTY_BODY = YES;
				CLANG_WARN_ENUM_CONVERSION = YES;
				CLANG_WARN_INFINITE_RECURSION = YES;
				CLANG_WARN_INT_CONVERSION = YES;
				CLANG_WARN_NON_LITERAL_NULL_CONVERSION = YES;
				CLANG_WARN_OBJC_IMPLICIT_RETAIN_SELF = YES;
				CLANG_WARN_OBJC_LITERAL_CONVERSION = YES;
				CLANG_WARN_OBJC_ROOT_CLASS = YES_ERROR;
				CLANG_WARN_QUOTED_INCLUDE_IN_FRAMEWORK_HEADER = YES;
				CLANG_WARN_RANGE_LOOP_ANALYSIS = YES;
				CLANG_WARN_STRICT_PROTOTYPES = YES;
				CLANG_WARN_SUSPICIOUS_MOVE = YES;
				CLANG_WARN_UNGUARDED_AVAILABILITY = YES_AGGRESSIVE;
				CLANG_WARN_UNREACHABLE_CODE = YES;
				CLANG_WARN__DUPLICATE_METHOD_MATCH = YES;
				COPY_PHASE_STRIP = NO;
				DEBUG_INFORMATION_FORMAT = "dwarf-with-dsym";
				ENABLE_NS_ASSERTIONS = NO;
				ENABLE_STRICT_OBJC_MSGSEND = YES;
				GCC_C_LANGUAGE_STANDARD = gnu11;
				GCC_NO_COMMON_BLOCKS = YES;
				GCC_WARN_64_TO_32_BIT_CONVERSION = YES;
				GCC_WARN_ABOUT_RETURN_TYPE = YES_ERROR;
				GCC_WARN_UNDECLARED_SELECTOR = YES;
				GCC_WARN_UNINITIALIZED_AUTOS = YES_AGGRESSIVE;
				GCC_WARN_UNUSED_FUNCTION = YES;
				GCC_WARN_UNUSED_VARIABLE = YES;
				IPHONEOS_DEPLOYMENT_TARGET = 15.2;
				MTL_ENABLE_DEBUG_INFO = NO;
				MTL_FAST_MATH = YES;
				SDKROOT = iphoneos;
				SWIFT_COMPILATION_MODE = wholemodule;
				SWIFT_OPTIMIZATION_LEVEL = "-O";
				VALIDATE_PRODUCT = YES;
			};
			name = Release;
		};
		BBCE09A527A2EBD50095F5AB /* Debug */ = {
			isa = XCBuildConfiguration;
			buildSettings = {
				ASSETCATALOG_COMPILER_APPICON_NAME = AppIcon;
				ASSETCATALOG_COMPILER_GLOBAL_ACCENT_COLOR_NAME = AccentColor;
				CODE_SIGN_STYLE = Automatic;
				CURRENT_PROJECT_VERSION = 1;
				DEVELOPMENT_TEAM = 97CA5TU2T7;
				GENERATE_INFOPLIST_FILE = YES;
				INFOPLIST_FILE = MVVMExample/Info.plist;
				INFOPLIST_KEY_UIApplicationSupportsIndirectInputEvents = YES;
				INFOPLIST_KEY_UILaunchStoryboardName = LaunchScreen;
				INFOPLIST_KEY_UIMainStoryboardFile = Main;
				INFOPLIST_KEY_UISupportedInterfaceOrientations_iPad = "UIInterfaceOrientationPortrait UIInterfaceOrientationPortraitUpsideDown UIInterfaceOrientationLandscapeLeft UIInterfaceOrientationLandscapeRight";
				INFOPLIST_KEY_UISupportedInterfaceOrientations_iPhone = "UIInterfaceOrientationPortrait UIInterfaceOrientationLandscapeLeft UIInterfaceOrientationLandscapeRight";
				LD_RUNPATH_SEARCH_PATHS = (
					"$(inherited)",
					"@executable_path/Frameworks",
				);
				MARKETING_VERSION = 1.0;
				PRODUCT_BUNDLE_IDENTIFIER = com.netec.mvc.MVVMExample;
				PRODUCT_NAME = "$(TARGET_NAME)";
				SWIFT_EMIT_LOC_STRINGS = YES;
				SWIFT_VERSION = 5.0;
				TARGETED_DEVICE_FAMILY = "1,2";
			};
			name = Debug;
		};
		BBCE09A627A2EBD50095F5AB /* Release */ = {
			isa = XCBuildConfiguration;
			buildSettings = {
				ASSETCATALOG_COMPILER_APPICON_NAME = AppIcon;
				ASSETCATALOG_COMPILER_GLOBAL_ACCENT_COLOR_NAME = AccentColor;
				CODE_SIGN_STYLE = Automatic;
				CURRENT_PROJECT_VERSION = 1;
				DEVELOPMENT_TEAM = 97CA5TU2T7;
				GENERATE_INFOPLIST_FILE = YES;
				INFOPLIST_FILE = MVVMExample/Info.plist;
				INFOPLIST_KEY_UIApplicationSupportsIndirectInputEvents = YES;
				INFOPLIST_KEY_UILaunchStoryboardName = LaunchScreen;
				INFOPLIST_KEY_UIMainStoryboardFile = Main;
				INFOPLIST_KEY_UISupportedInterfaceOrientations_iPad = "UIInterfaceOrientationPortrait UIInterfaceOrientationPortraitUpsideDown UIInterfaceOrientationLandscapeLeft UIInterfaceOrientationLandscapeRight";
				INFOPLIST_KEY_UISupportedInterfaceOrientations_iPhone = "UIInterfaceOrientationPortrait UIInterfaceOrientationLandscapeLeft UIInterfaceOrientationLandscapeRight";
				LD_RUNPATH_SEARCH_PATHS = (
					"$(inherited)",
					"@executable_path/Frameworks",
				);
				MARKETING_VERSION = 1.0;
				PRODUCT_BUNDLE_IDENTIFIER = com.netec.mvc.MVVMExample;
				PRODUCT_NAME = "$(TARGET_NAME)";
				SWIFT_EMIT_LOC_STRINGS = YES;
				SWIFT_VERSION = 5.0;
				TARGETED_DEVICE_FAMILY = "1,2";
			};
			name = Release;
		};
/* End XCBuildConfiguration section */

/* Begin XCConfigurationList section */
		BBCE098B27A2EBD30095F5AB /* Build configuration list for PBXProject "MVVMExample" */ = {
			isa = XCConfigurationList;
			buildConfigurations = (
				BBCE09A227A2EBD50095F5AB /* Debug */,
				BBCE09A327A2EBD50095F5AB /* Release */,
			);
			defaultConfigurationIsVisible = 0;
			defaultConfigurationName = Release;
		};
		BBCE09A427A2EBD50095F5AB /* Build configuration list for PBXNativeTarget "MVVMExample" */ = {
			isa = XCConfigurationList;
			buildConfigurations = (
				BBCE09A527A2EBD50095F5AB /* Debug */,
				BBCE09A627A2EBD50095F5AB /* Release */,
			);
			defaultConfigurationIsVisible = 0;
			defaultConfigurationName = Release;
		};
/* End XCConfigurationList section */
	};
	rootObject = BBCE098827A2EBD30095F5AB /* Project object */;
}
